
Microsoft Visual Studio Solution File, Format Version 12.00
# Visual Studio 14
VisualStudioVersion = 14.0.25420.1
MinimumVisualStudioVersion = 10.0.40219.1
Project("{FAE04EC0-301F-11D3-BF4B-00C04F79EFBC}") = "MixAudio", "MixAudio\MixAudio.csproj", "{7327297C-C193-4530-B10C-74EAB7796A3E}"
EndProject
Project("{FAE04EC0-301F-11D3-BF4B-00C04F79EFBC}") = "MixAudioPlayer", "MixAudioPlayer\MixAudioPlayer.csproj", "{B715CF6E-4289-44E4-B4AF-7633AFFF17DD}"
EndProject
Global
	GlobalSection(SolutionConfigurationPlatforms) = preSolution
		Debug|Any CPU = Debug|Any CPU
		Release|Any CPU = Release|Any CPU
	EndGlobalSection
	GlobalSection(ProjectConfigurationPlatforms) = postSolution
		{7327297C-C193-4530-B10C-74EAB7796A3E}.Debug|Any CPU.ActiveCfg = Debug|Any CPU
		{7327297C-C193-4530-B10C-74EAB7796A3E}.Debug|Any CPU.Build.0 = Debug|Any CPU
		{7327297C-C193-4530-B10C-74EAB7796A3E}.Release|Any CPU.ActiveCfg = Release|Any CPU
		{7327297C-C193-4530-B10C-74EAB7796A3E}.Release|Any CPU.Build.0 = Release|Any CPU
		{B715CF6E-4289-44E4-B4AF-7633AFFF17DD}.Debug|Any CPU.ActiveCfg = Debug|Any CPU
		{B715CF6E-4289-44E4-B4AF-7633AFFF17DD}.Debug|Any CPU.Build.0 = Debug|Any CPU
		{B715CF6E-4289-44E4-B4AF-7633AFFF17DD}.Release|Any CPU.ActiveCfg = Release|Any CPU
		{B715CF6E-4289-44E4-B4AF-7633AFFF17DD}.Release|Any CPU.Build.0 = Release|Any CPU
	EndGlobalSection
	GlobalSection(SolutionProperties) = preSolution
		HideSolutionNode = FALSE
	EndGlobalSection
EndGlobal
